
Microsoft Visual Studio Solution File, Format Version 12.00
# Visual Studio 15
Project("{FAE04EC0-301F-11D3-BF4B-00C04F79EFBC}") = "Assembly-CSharp", "Assembly-CSharp.csproj", "{30C84E33-DA33-3CEF-1EDE-F2BFCDACF82C}"
EndProject
Project("{FAE04EC0-301F-11D3-BF4B-00C04F79EFBC}") = "Assembly-CSharp-Editor", "Assembly-CSharp-Editor.csproj", "{3C5D6DDC-7C2D-6A8B-1959-99876E4A903D}"
EndProject
Global
	GlobalSection(SolutionConfigurationPlatforms) = preSolution
		Debug|Any CPU = Debug|Any CPU
		Release|Any CPU = Release|Any CPU
	EndGlobalSection
	GlobalSection(ProjectConfigurationPlatforms) = postSolution
		{30C84E33-DA33-3CEF-1EDE-F2BFCDACF82C}.Debug|Any CPU.ActiveCfg = Debug|Any CPU
		{30C84E33-DA33-3CEF-1EDE-F2BFCDACF82C}.Debug|Any CPU.Build.0 = Debug|Any CPU
		{30C84E33-DA33-3CEF-1EDE-F2BFCDACF82C}.Release|Any CPU.ActiveCfg = Release|Any CPU
		{30C84E33-DA33-3CEF-1EDE-F2BFCDACF82C}.Release|Any CPU.Build.0 = Release|Any CPU
		{3C5D6DDC-7C2D-6A8B-1959-99876E4A903D}.Debug|Any CPU.ActiveCfg = Debug|Any CPU
		{3C5D6DDC-7C2D-6A8B-1959-99876E4A903D}.Debug|Any CPU.Build.0 = Debug|Any CPU
		{3C5D6DDC-7C2D-6A8B-1959-99876E4A903D}.Release|Any CPU.ActiveCfg = Release|Any CPU
		{3C5D6DDC-7C2D-6A8B-1959-99876E4A903D}.Release|Any CPU.Build.0 = Release|Any CPU
	EndGlobalSection
	GlobalSection(SolutionProperties) = preSolution
		HideSolutionNode = FALSE
	EndGlobalSection
EndGlobal
