
Microsoft Visual Studio Solution File, Format Version 12.00
# Visual Studio 15
Project("{FAE04EC0-301F-11D3-BF4B-00C04F79EFBC}") = "Assembly-CSharp", "Assembly-CSharp.csproj", "{9F9CFB03-B050-907A-8EF3-E16DF74D07D9}"
EndProject
Project("{FAE04EC0-301F-11D3-BF4B-00C04F79EFBC}") = "Assembly-CSharp-Editor", "Assembly-CSharp-Editor.csproj", "{F71529E5-D3B3-171A-FC75-0111E782082D}"
EndProject
Global
	GlobalSection(SolutionConfigurationPlatforms) = preSolution
		Debug|Any CPU = Debug|Any CPU
		Release|Any CPU = Release|Any CPU
	EndGlobalSection
	GlobalSection(ProjectConfigurationPlatforms) = postSolution
		{9F9CFB03-B050-907A-8EF3-E16DF74D07D9}.Debug|Any CPU.ActiveCfg = Debug|Any CPU
		{9F9CFB03-B050-907A-8EF3-E16DF74D07D9}.Debug|Any CPU.Build.0 = Debug|Any CPU
		{9F9CFB03-B050-907A-8EF3-E16DF74D07D9}.Release|Any CPU.ActiveCfg = Release|Any CPU
		{9F9CFB03-B050-907A-8EF3-E16DF74D07D9}.Release|Any CPU.Build.0 = Release|Any CPU
		{F71529E5-D3B3-171A-FC75-0111E782082D}.Debug|Any CPU.ActiveCfg = Debug|Any CPU
		{F71529E5-D3B3-171A-FC75-0111E782082D}.Debug|Any CPU.Build.0 = Debug|Any CPU
		{F71529E5-D3B3-171A-FC75-0111E782082D}.Release|Any CPU.ActiveCfg = Release|Any CPU
		{F71529E5-D3B3-171A-FC75-0111E782082D}.Release|Any CPU.Build.0 = Release|Any CPU
	EndGlobalSection
	GlobalSection(SolutionProperties) = preSolution
		HideSolutionNode = FALSE
	EndGlobalSection
EndGlobal
